
Microsoft Visual Studio Solution File, Format Version 12.00
# Visual Studio Version 17
VisualStudioVersion = 17.0.32126.317
MinimumVisualStudioVersion = 10.0.40219.1
Project("{FAE04EC0-301F-11D3-BF4B-00C04F79EFBC}") = "HelloWorld", "HelloWorld\HelloWorld.csproj", "{FD4B162D-A873-4E5D-8735-AD35F39D06D9}"
EndProject
Global
	GlobalSection(SolutionConfigurationPlatforms) = preSolution
		Debug|Any CPU = Debug|Any CPU
		Release|Any CPU = Release|Any CPU
	EndGlobalSection
	GlobalSection(ProjectConfigurationPlatforms) = postSolution
		{FD4B162D-A873-4E5D-8735-AD35F39D06D9}.Debug|Any CPU.ActiveCfg = Debug|Any CPU
		{FD4B162D-A873-4E5D-8735-AD35F39D06D9}.Debug|Any CPU.Build.0 = Debug|Any CPU
		{FD4B162D-A873-4E5D-8735-AD35F39D06D9}.Release|Any CPU.ActiveCfg = Release|Any CPU
		{FD4B162D-A873-4E5D-8735-AD35F39D06D9}.Release|Any CPU.Build.0 = Release|Any CPU
	EndGlobalSection
	GlobalSection(SolutionProperties) = preSolution
		HideSolutionNode = FALSE
	EndGlobalSection
	GlobalSection(ExtensibilityGlobals) = postSolution
		SolutionGuid = {6FF0B1FF-77CD-4F6E-84BD-F05C5A78FD63}
	EndGlobalSection
EndGlobal
